
Microsoft Visual Studio Solution File, Format Version 12.00
# Visual Studio Version 17
VisualStudioVersion = 17.4.33213.308
MinimumVisualStudioVersion = 10.0.40219.1
Project("{9A19103F-16F7-4668-BE54-9A1E7A4F7556}") = "FactoryTests", "FactoryTests\FactoryTests.csproj", "{D0E74D23-C9E5-4472-A764-FDCAABC2CAC4}"
EndProject
Project("{9A19103F-16F7-4668-BE54-9A1E7A4F7556}") = "FactoryLib", "FactoryLib\FactoryLib.csproj", "{F5C85C9E-A163-4239-8D32-1689CB31FEF4}"
EndProject
Project("{9A19103F-16F7-4668-BE54-9A1E7A4F7556}") = "FactoryUI", "FactoryUI\FactoryUI.csproj", "{3F9EEC97-A79E-454A-AAF5-2A0DB86EB325}"
EndProject
Global
	GlobalSection(SolutionConfigurationPlatforms) = preSolution
		Debug|Any CPU = Debug|Any CPU
		Release|Any CPU = Release|Any CPU
	EndGlobalSection
	GlobalSection(ProjectConfigurationPlatforms) = postSolution
		{D0E74D23-C9E5-4472-A764-FDCAABC2CAC4}.Debug|Any CPU.ActiveCfg = Debug|Any CPU
		{D0E74D23-C9E5-4472-A764-FDCAABC2CAC4}.Debug|Any CPU.Build.0 = Debug|Any CPU
		{D0E74D23-C9E5-4472-A764-FDCAABC2CAC4}.Release|Any CPU.ActiveCfg = Release|Any CPU
		{D0E74D23-C9E5-4472-A764-FDCAABC2CAC4}.Release|Any CPU.Build.0 = Release|Any CPU
		{F5C85C9E-A163-4239-8D32-1689CB31FEF4}.Debug|Any CPU.ActiveCfg = Debug|Any CPU
		{F5C85C9E-A163-4239-8D32-1689CB31FEF4}.Debug|Any CPU.Build.0 = Debug|Any CPU
		{F5C85C9E-A163-4239-8D32-1689CB31FEF4}.Release|Any CPU.ActiveCfg = Release|Any CPU
		{F5C85C9E-A163-4239-8D32-1689CB31FEF4}.Release|Any CPU.Build.0 = Release|Any CPU
		{3F9EEC97-A79E-454A-AAF5-2A0DB86EB325}.Debug|Any CPU.ActiveCfg = Debug|Any CPU
		{3F9EEC97-A79E-454A-AAF5-2A0DB86EB325}.Debug|Any CPU.Build.0 = Debug|Any CPU
		{3F9EEC97-A79E-454A-AAF5-2A0DB86EB325}.Release|Any CPU.ActiveCfg = Release|Any CPU
		{3F9EEC97-A79E-454A-AAF5-2A0DB86EB325}.Release|Any CPU.Build.0 = Release|Any CPU
	EndGlobalSection
	GlobalSection(SolutionProperties) = preSolution
		HideSolutionNode = FALSE
	EndGlobalSection
	GlobalSection(ExtensibilityGlobals) = postSolution
		SolutionGuid = {178749F4-DC17-4054-AA0A-FD5E59244F9A}
	EndGlobalSection
EndGlobal
